# This file is autogenerated, do not edit; changes may be undone by the next 'dep ensure'.


[[projects]]
  digest = "1:b16fbfbcc20645cb419f78325bb2e85ec729b338e996a228124d68931a6f2a37"
  name = "github.com/BurntSushi/toml"
  packages = ["."]
  pruneopts = "UT"
  revision = "b26d9c308763d68093482582cea63d69be07a0f0"
  version = "v0.3.0"

[[projects]]
  branch = "master"
  digest = "1:4deef94f02b110d772eb6085c8312b43bf8d8d2640231329fae0c2d8052b5772"
  name = "github.com/gabstv/httpdigest"
  packages = ["."]
  pruneopts = "UT"
  revision = "c898b29b0dc298af54a4947b097def04852ac0b2"

[[projects]]
  digest = "1:991bb96360eb8db70a40e9c496769fe6a7bbac4047f8376494d9837397078327"
  name = "github.com/go-redis/redis"
  packages = [
    ".",
    "internal",
    "internal/consistenthash",
    "internal/hashtag",
    "internal/pool",
    "internal/proto",
    "internal/singleflight",
    "internal/util",
  ]
  pruneopts = "UT"
  revision = "480db94d33e6088e08d628833b6c0705451d24bb"
  version = "v6.13.2"

[[projects]]
  branch = "master"
  digest = "1:0f65b10afa740ebce239838198b7647ca95c6395738bbaec5748aceece17b07c"
  name = "github.com/jinzhu/configor"
  packages = ["."]
  pruneopts = "UT"
  revision = "4edaf76fe18865e36de734d887f4c01bd05707af"

[[projects]]
  digest = "1:8f5579a88f14ca4029f38f7491f12f578e38d942d9343e63aaa68f14c31df053"
  name = "github.com/lestrrat-go/file-rotatelogs"
  packages = [
    ".",
    "internal/option",
  ]
  pruneopts = "UT"
  revision = "3b4f34a036f374c18d604e1b8006d9fbb9593c06"
  version = "v2.2.0"

[[projects]]
  branch = "master"
  digest = "1:ddca04a88e03898533bfc41f86740c46c79940f8e1db13bd4d0f1808890d2ebc"
  name = "github.com/lestrrat-go/strftime"
  packages = ["."]
  pruneopts = "UT"
  revision = "59966ecb6d84ec0010de6a5b8deae0299ce5b549"

[[projects]]
  digest = "1:40e195917a951a8bf867cd05de2a46aaf1806c50cf92eebf4c16f78cd196f747"
  name = "github.com/pkg/errors"
  packages = ["."]
  pruneopts = "UT"
  revision = "645ef00459ed84a119197bfb8d8205042c6df63d"
  version = "v0.8.0"

[[projects]]
  digest = "1:9a6f766efd8d5752adb7052aebb6e3d85255b31a8dff5e58ab4efa740ba9efa0"
  name = "github.com/rifflock/lfshook"
  packages = ["."]
  pruneopts = "UT"
  revision = "bf539943797a1f34c1f502d07de419b5238ae6c6"
  version = "v2.3"

[[projects]]
  digest = "1:d867dfa6751c8d7a435821ad3b736310c2ed68945d05b50fb9d23aee0540c8cc"
  name = "github.com/sirupsen/logrus"
  packages = ["."]
  pruneopts = "UT"
  revision = "3e01752db0189b9157070a0e1668a620f9a85da2"
  version = "v1.0.6"

[[projects]]
  branch = "master"
  digest = "1:3f3a05ae0b95893d90b9b3b5afdb79a9b3d96e4e36e099d841ae602e4aca0da8"
  name = "golang.org/x/crypto"
  packages = ["ssh/terminal"]
  pruneopts = "UT"
  revision = "c126467f60eb25f8f27e5a981f32a87e3965053f"

[[projects]]
  branch = "master"
  digest = "1:8742e6e73627b2877c3f723bc1823d5667ec59011242480309dc90fa862512aa"
  name = "golang.org/x/sys"
  packages = [
    "unix",
    "windows",
  ]
  pruneopts = "UT"
  revision = "bd9dbc187b6e1dacfdd2722a87e83093c2d7bd6e"

[[projects]]
  branch = "v2"
  digest = "1:927bc5076aef9916f1920f2a07e3723e9da1dcd52baa84d29893a3f417c867b4"
  name = "gopkg.in/urfave/cli.v2"
  packages = ["."]
  pruneopts = "UT"
  revision = "d3ae77c26ac8db90639677e4831a728d33c36111"

[[projects]]
  digest = "1:342378ac4dcb378a5448dd723f0784ae519383532f5e70ade24132c4c8693202"
  name = "gopkg.in/yaml.v2"
  packages = ["."]
  pruneopts = "UT"
  revision = "5420a8b6744d3b0345ab293f6fcba19c978f1183"
  version = "v2.2.1"

[solve-meta]
  analyzer-name = "dep"
  analyzer-version = 1
  input-imports = [
    "github.com/gabstv/httpdigest",
    "github.com/go-redis/redis",
    "github.com/jinzhu/configor",
    "github.com/lestrrat-go/file-rotatelogs",
    "github.com/pkg/errors",
    "github.com/rifflock/lfshook",
    "github.com/sirupsen/logrus",
    "gopkg.in/urfave/cli.v2",
  ]
  solver-name = "gps-cdcl"
  solver-version = 1
